
Microsoft Visual Studio Solution File, Format Version 12.00
# Visual Studio Version 16
VisualStudioVersion = 16.0.31321.278
MinimumVisualStudioVersion = 10.0.40219.1
Project("{FAE04EC0-301F-11D3-BF4B-00C04F79EFBC}") = "popdatafromAPI", "popdatafromAPI.csproj", "{998D3597-9DB9-4B6C-8D3C-23ED1A170544}"
EndProject
Global
	GlobalSection(SolutionConfigurationPlatforms) = preSolution
		Debug|Any CPU = Debug|Any CPU
		Release|Any CPU = Release|Any CPU
	EndGlobalSection
	GlobalSection(ProjectConfigurationPlatforms) = postSolution
		{998D3597-9DB9-4B6C-8D3C-23ED1A170544}.Debug|Any CPU.ActiveCfg = Debug|Any CPU
		{998D3597-9DB9-4B6C-8D3C-23ED1A170544}.Debug|Any CPU.Build.0 = Debug|Any CPU
		{998D3597-9DB9-4B6C-8D3C-23ED1A170544}.Release|Any CPU.ActiveCfg = Release|Any CPU
		{998D3597-9DB9-4B6C-8D3C-23ED1A170544}.Release|Any CPU.Build.0 = Release|Any CPU
	EndGlobalSection
	GlobalSection(SolutionProperties) = preSolution
		HideSolutionNode = FALSE
	EndGlobalSection
	GlobalSection(ExtensibilityGlobals) = postSolution
		SolutionGuid = {FDBE06E7-E657-41F7-A084-FFC463C89D65}
	EndGlobalSection
EndGlobal
